# This file is autogenerated, do not edit; changes may be undone by the next 'dep ensure'.


[[projects]]
  digest = "1:dd11641415f7854e5ee0c83b3d865bf8dced203f6b050b4ad7bd16707dc25cc6"
  name = "cloud.google.com/go"
  packages = [
    "compute/metadata",
    "monitoring/apiv3",
  ]
  pruneopts = ""
  revision = "fcb9a2d5f791d07be64506ab54434de65989d370"
  version = "v0.37.4"

[[projects]]
  digest = "1:e001bd0a052223a9dc871d38e303774759efae171abc702dedd312866400552d"
  name = "github.com/DataDog/zstd"
  packages = ["."]
  pruneopts = ""
  revision = "809b919c325d7887bff7bd876162af73db53e878"
  version = "v1.4.0"

[[projects]]
  digest = "1:ee35b514b6826a6e65bc24795873020d86570e5252c30c7e136581d0fa4ebdb0"
  name = "github.com/NYTimes/gziphandler"
  packages = ["."]
  pruneopts = ""
  revision = "dd0439581c7657cb652dfe5c71d7d48baf39541d"
  version = "v1.1.1"

[[projects]]
  digest = "1:c0952fb3cf9506cff577b4edf4458889570dcbd2902a7b90a1fd96bfbb97ccd8"
  name = "github.com/PuerkitoBio/purell"
  packages = ["."]
  pruneopts = ""
  revision = "44968752391892e1b0d0b821ee79e9a85fa13049"
  version = "v1.1.1"

[[projects]]
  branch = "master"
  digest = "1:331a419049c2be691e5ba1d24342fc77c7e767a80c666a18fd8a9f7b82419c1c"
  name = "github.com/PuerkitoBio/urlesc"
  packages = ["."]
  pruneopts = ""
  revision = "de5bf2ad457846296e2031421a34e2568e304e35"

[[projects]]
  digest = "1:eba1bfcb20f6e42341bd201a1b0d1999bbbf94f1abaf5e4380d7fcec48b6fbf9"
  name = "github.com/Shopify/sarama"
  packages = ["."]
  pruneopts = ""
  revision = "5d2af84cf5e2dd36f2daecaaafa13c4e286f20fd"
  version = "v1.22.0"

[[projects]]
  digest = "1:0d3deb8a6da8ffba5635d6fb1d2144662200def6c9d82a35a6d05d6c2d4a48f9"
  name = "github.com/beorn7/perks"
  packages = ["quantile"]
  pruneopts = ""
  revision = "4b2b341e8d7715fae06375aa633dbb6e91b3fb46"
  version = "v1.0.0"

[[projects]]
  branch = "master"
  digest = "1:8c773b53642006cc80b0c5f2ad7174a587dc4b2d94a39fb333411afc2d990943"
  name = "github.com/bluebreezecf/opentsdb-goclient"
  packages = [
    "client",
    "config",
  ]
  pruneopts = ""
  revision = "539764bd9a9cae6632dea52b5a587451728a3983"

[[projects]]
  digest = "1:0bc9fe59e23786a6d5f5b65d2676904d29aafcc79fa9fca4472fe0d15ee15656"
  name = "github.com/coreos/etcd"
  packages = [
    "auth/authpb",
    "clientv3",
    "etcdserver/api/v3rpc/rpctypes",
    "etcdserver/etcdserverpb",
    "mvcc/mvccpb",
    "pkg/tlsutil",
    "pkg/transport",
    "pkg/types",
  ]
  pruneopts = ""
  revision = "d57e8b8d97adfc4a6c224fe116714bf1a1f3beb9"
  version = "v3.3.12"

[[projects]]
  digest = "1:dfa1bec57e6d45d5af6acb0142cb4ef1ad5bc512c60816205a5acbaef5afe13b"
  name = "github.com/coreos/go-systemd"
  packages = ["daemon"]
  pruneopts = ""
  revision = "95778dfbb74eb7e4dbaf43bf7d71809650ef8076"
  version = "v19"

[[projects]]
  digest = "1:0deddd908b6b4b768cfc272c16ee61e7088a60f7fe2f06c547bd3d8e1f8b8e77"
  name = "github.com/davecgh/go-spew"
  packages = ["spew"]
  pruneopts = ""
  revision = "8991bc29aa16c548c550c7ff78260e27b9ab7c73"
  version = "v1.1.1"

[[projects]]
  digest = "1:c05f1899f086e3b4613d94d9e6f7ba6f4b6587498a1aa6037c5c294b22f5a743"
  name = "github.com/docker/distribution"
  packages = [
    "digestset",
    "reference",
  ]
  pruneopts = ""
  revision = "2461543d988979529609e8cb6fca9ca190dc48da"
  version = "v2.7.1"

[[projects]]
  digest = "1:6d6672f85a84411509885eaa32f597577873de00e30729b9bb0eb1e1faa49c12"
  name = "github.com/eapache/go-resiliency"
  packages = ["breaker"]
  pruneopts = ""
  revision = "ea41b0fad31007accc7f806884dcdf3da98b79ce"
  version = "v1.1.0"

[[projects]]
  branch = "master"
  digest = "1:6643c01e619a68f80ac12ad81223275df653528c6d7e3788291c1fd6f1d622f6"
  name = "github.com/eapache/go-xerial-snappy"
  packages = ["."]
  pruneopts = ""
  revision = "776d5712da21bc4762676d614db1d8a64f4238b0"

[[projects]]
  digest = "1:d8d46d21073d0f65daf1740ebf4629c65e04bf92e14ce93c2201e8624843c3d3"
  name = "github.com/eapache/queue"
  packages = ["."]
  pruneopts = ""
  revision = "44cc805cf13205b55f69e14bcb69867d1ae92f98"
  version = "v1.1.0"

[[projects]]
  digest = "1:d15ee97f6ed1c0bcf513ebf49d59dcc3a2f724288122f4f55866943a68ce040d"
  name = "github.com/emicklei/go-restful"
  packages = [
    ".",
    "log",
  ]
  pruneopts = ""
  revision = "b9bbc5664f49b6deec52393bd68f39830687a347"
  version = "v2.9.3"

[[projects]]
  digest = "1:8466756c66127d5ea10cc6c305a16174755ebd187e64ec2b4efc3eef58281dcd"
  name = "github.com/evanphx/json-patch"
  packages = ["."]
  pruneopts = ""
  revision = "5858425f75500d40c52783dce87d085a483ce135"

[[projects]]
  digest = "1:c8052dcf3ec378a9a6bc4f00ecc10d6d5eb3cc1f8faaf6b2f70f047e8881d446"
  name = "github.com/go-openapi/jsonpointer"
  packages = ["."]
  pruneopts = ""
  revision = "ef5f0afec364d3b9396b7b77b43dbe26bf1f8004"
  version = "v0.19.0"

[[projects]]
  digest = "1:1824e5330b35b2a2418d06aa55629cc59ad454b72e338aa125ba8ff98f16298b"
  name = "github.com/go-openapi/jsonreference"
  packages = ["."]
  pruneopts = ""
  revision = "8483a886a90412cd6858df4ea3483dce9c8e35a3"
  version = "v0.19.0"

[[projects]]
  digest = "1:22359833c00982fb26c61ea501eabbad401de8d811ef5ffc16deddb1e43a21ae"
  name = "github.com/go-openapi/spec"
  packages = ["."]
  pruneopts = ""
  revision = "53d776530bf78a11b03a7b52dd8a083086b045e5"
  version = "v0.19.0"

[[projects]]
  digest = "1:cc03d3134465b9834f70ae1d08be632e4179310d093db62dc1a58b397d10f554"
  name = "github.com/go-openapi/swag"
  packages = ["."]
  pruneopts = ""
  revision = "b3e2804c8535ee0d1b89320afd98474d5b8e9e3b"
  version = "v0.19.0"

[[projects]]
  digest = "1:fd53b471edb4c28c7d297f617f4da0d33402755f58d6301e7ca1197ef0a90937"
  name = "github.com/gogo/protobuf"
  packages = [
    "gogoproto",
    "proto",
    "protoc-gen-gogo/descriptor",
    "sortkeys",
  ]
  pruneopts = ""
  revision = "ba06b47c162d49f2af050fb4c75bcbc86a159d5c"
  version = "v1.2.1"

[[projects]]
  branch = "master"
  digest = "1:f9714c0c017f2b821bccceeec2c7a93d29638346bb546c36ca5f90e751f91b9e"
  name = "github.com/golang/groupcache"
  packages = ["lru"]
  pruneopts = ""
  revision = "5b532d6fd5efaf7fa130d4e859a2fde0fc3a9e1b"

[[projects]]
  digest = "1:529d738b7976c3848cae5cf3a8036440166835e389c1f617af701eeb12a0518d"
  name = "github.com/golang/protobuf"
  packages = [
    "proto",
    "protoc-gen-go/descriptor",
    "ptypes",
    "ptypes/any",
    "ptypes/duration",
    "ptypes/empty",
    "ptypes/struct",
    "ptypes/timestamp",
    "ptypes/wrappers",
  ]
  pruneopts = ""
  revision = "b5d812f8a3706043e23a9cd5babf2e5423744d30"
  version = "v1.3.1"

[[projects]]
  digest = "1:6a6322a15aa8e99bd156fbba0aae4e5d67b4bb05251d860b348a45dfdcba9cce"
  name = "github.com/golang/snappy"
  packages = ["."]
  pruneopts = ""
  revision = "2a8bb927dd31d8daada140a5d09578521ce5c36a"
  version = "v0.0.1"

[[projects]]
  digest = "1:5100614fdc954bf2f9e3372fd7a4cb469f0f91b19a2045cbe80913d6c55d4b2f"
  name = "github.com/google/cadvisor"
  packages = ["info/v1"]
  pruneopts = ""
  revision = "7e9ea00b05397d43b6539d22ea6ea51bf70fea83"
  version = "v0.33.1"

[[projects]]
  digest = "1:8d4a577a9643f713c25a32151c0f26af7228b4b97a219b5ddb7fd38d16f6e673"
  name = "github.com/google/gofuzz"
  packages = ["."]
  pruneopts = ""
  revision = "f140a6486e521aad38f5917de355cbf147cc0496"
  version = "v1.0.0"

[[projects]]
  digest = "1:ad92aa49f34cbc3546063c7eb2cabb55ee2278b72842eda80e2a20a8a06a8d73"
  name = "github.com/google/uuid"
  packages = ["."]
  pruneopts = ""
  revision = "0cd6bf5da1e1c83f8b45653022c74f71af0538a4"
  version = "v1.1.1"

[[projects]]
  digest = "1:b2f6f3029f88fb385269d36d2e7ec8c6082ec40b4572f99ced9032b0b166df6e"
  name = "github.com/googleapis/gax-go"
  packages = ["v2"]
  pruneopts = ""
  revision = "beaecbbdd8af86aa3acf14180d53828ce69400b2"
  version = "v2.0.4"

[[projects]]
  digest = "1:16b2837c8b3cf045fa2cdc82af0cf78b19582701394484ae76b2c3bc3c99ad73"
  name = "github.com/googleapis/gnostic"
  packages = [
    "OpenAPIv2",
    "compiler",
    "extensions",
  ]
  pruneopts = ""
  revision = "7c663266750e7d82587642f65e60bc4083f1f84e"
  version = "v0.2.0"

[[projects]]
  digest = "1:e24dc5ef44694848785de507f439a24e9e6d96d7b43b8cf3d6cfa857aa1e2186"
  name = "github.com/grpc-ecosystem/go-grpc-prometheus"
  packages = ["."]
  pruneopts = ""
  revision = "c225b8c3b01faf2899099b768856a9e916e5087b"
  version = "v1.2.0"

[[projects]]
  digest = "1:85f8f8d390a03287a563e215ea6bd0610c858042731a8b42062435a0dcbc485f"
  name = "github.com/hashicorp/golang-lru"
  packages = [
    ".",
    "simplelru",
  ]
  pruneopts = ""
  revision = "7087cb70de9f7a8bc0a10c375cb0d2280a8edf9c"
  version = "v0.5.1"

[[projects]]
  digest = "1:bab895fa7d3386ab84b3af3d18beec5e0b1b58eba4ea409ade3f390c54223d07"
  name = "github.com/hawkular/hawkular-client-go"
  packages = ["metrics"]
  pruneopts = ""
  revision = "3ec6f27f0d339f9aee02ee4ad545581e52b40e19"
  version = "v0.6.1"

[[projects]]
  digest = "1:31bfd110d31505e9ffbc9478e31773bf05bf02adcaeb9b139af42684f9294c13"
  name = "github.com/imdario/mergo"
  packages = ["."]
  pruneopts = ""
  revision = "7c29201646fa3de8506f701213473dd407f19646"
  version = "v0.3.7"

[[projects]]
  digest = "1:0e6a4d206be26596e3ad0127ec2da0f2952169768f33d7010517ba6f0fafd47c"
  name = "github.com/influxdata/influxdb"
  packages = [
    "client",
    "models",
    "pkg/escape",
  ]
  pruneopts = ""
  revision = "01c8dd416270f424ab0c40f9291e269ac6921964"
  version = "v1.7.6"

[[projects]]
  digest = "1:12d3de2c11e54ea37d7f00daf85088ad5e61ec4e8a1f828d6c8b657976856be7"
  name = "github.com/json-iterator/go"
  packages = ["."]
  pruneopts = ""
  revision = "0ff49de124c6f76f8494e194af75bde0f1a49a29"
  version = "v1.1.6"

[[projects]]
  branch = "master"
  digest = "1:cae59d7b8243c671c9f544965522ba35c0fec48ee80adb9f1400cd2f33abbbec"
  name = "github.com/mailru/easyjson"
  packages = [
    "buffer",
    "jlexer",
    "jwriter",
  ]
  pruneopts = ""
  revision = "1ea4449da9834f4d333f1cc461c374aea217d249"

[[projects]]
  branch = "master"
  digest = "1:73f4685f81b81bc8f475fca44374fb43793d17e21279bc7ebfb973d6668be22b"
  name = "github.com/marpaia/graphite-golang"
  packages = ["."]
  pruneopts = ""
  revision = "134b9af18cf31f936ebddbd11c03eead4d501601"

[[projects]]
  digest = "1:63722a4b1e1717be7b98fc686e0b30d5e7f734b9e93d7dee86293b6deab7ea28"
  name = "github.com/matttproud/golang_protobuf_extensions"
  packages = ["pbutil"]
  pruneopts = ""
  revision = "c12348ce28de40eed0136aa2b644d0ee0650e56c"
  version = "v1.0.1"

[[projects]]
  digest = "1:0c0ff2a89c1bb0d01887e1dac043ad7efbf3ec77482ef058ac423d13497e16fd"
  name = "github.com/modern-go/concurrent"
  packages = ["."]
  pruneopts = ""
  revision = "bacd9c7ef1dd9b15be4a9909b8ac7a4e313eec94"
  version = "1.0.3"

[[projects]]
  digest = "1:e32bdbdb7c377a07a9a46378290059822efdce5c8d96fe71940d87cb4f918855"
  name = "github.com/modern-go/reflect2"
  packages = ["."]
  pruneopts = ""
  revision = "4b7aa43c6742a2c18fdef89dd197aaae7dac7ccd"
  version = "1.0.1"

[[projects]]
  branch = "master"
  digest = "1:881e04935b45ebea396aa03350e18f472483b07dc607c9f49db070cb40d61f9d"
  name = "github.com/munnerz/goautoneg"
  packages = ["."]
  pruneopts = ""
  revision = "2ae31c8b6b30d2f4c8100c20d527b571e9c433bb"

[[projects]]
  digest = "1:5d9b668b0b4581a978f07e7d2e3314af18eb27b3fb5d19b70185b7c575723d11"
  name = "github.com/opencontainers/go-digest"
  packages = ["."]
  pruneopts = ""
  revision = "279bed98673dd5bef374d3b6e4b09e2af76183bf"
  version = "v1.0.0-rc1"

[[projects]]
  digest = "1:a5484d4fa43127138ae6e7b2299a6a52ae006c7f803d98d717f60abf3e97192e"
  name = "github.com/pborman/uuid"
  packages = ["."]
  pruneopts = ""
  revision = "adf5a7427709b9deb95d29d3fa8a2bf9cfd388f1"
  version = "v1.2"

[[projects]]
  digest = "1:997789da35f4b8442e474414d843cd2c75d3d8643cbe219149b80015beb51d3f"
  name = "github.com/pierrec/lz4"
  packages = [
    ".",
    "internal/xxh32",
  ]
  pruneopts = ""
  revision = "9419d2361c8ae111073ffe3337ecc364fb590921"
  version = "v2.1.2"

[[projects]]
  digest = "1:256484dbbcd271f9ecebc6795b2df8cad4c458dd0f5fd82a8c2fa0c29f233411"
  name = "github.com/pmezard/go-difflib"
  packages = ["difflib"]
  pruneopts = ""
  revision = "792786c7400a136282c1664665ae0a8db921c6c2"
  version = "v1.0.0"

[[projects]]
  digest = "1:4142d94383572e74b42352273652c62afec5b23f325222ed09198f46009022d1"
  name = "github.com/prometheus/client_golang"
  packages = ["prometheus"]
  pruneopts = ""
  revision = "c5b7fccd204277076155f10851dad72b76a49317"
  version = "v0.8.0"

[[projects]]
  branch = "master"
  digest = "1:cd67319ee7536399990c4b00fae07c3413035a53193c644549a676091507cadc"
  name = "github.com/prometheus/client_model"
  packages = ["go"]
  pruneopts = ""
  revision = "fd36f4220a901265f90734c3183c5f0c91daa0b8"

[[projects]]
  digest = "1:cf0d0ad53268d7c0e6cbe9a037059a6583ffd58d25f1cd6d48920f8c3ccc537f"
  name = "github.com/prometheus/common"
  packages = [
    "expfmt",
    "internal/bitbucket.org/ww/goautoneg",
    "model",
  ]
  pruneopts = ""
  revision = "a82f4c12f983cc2649298185f296632953e50d3e"
  version = "v0.3.0"

[[projects]]
  digest = "1:af5cd8219fd15c06eadaab455c0beb72f2f7bb32d298acb401d30c452a8dbd7e"
  name = "github.com/prometheus/procfs"
  packages = [
    ".",
    "internal/fs",
    "internal/util",
  ]
  pruneopts = ""
  revision = "499c85531f756d1129edd26485a5f73871eeb308"
  version = "v0.0.5"

[[projects]]
  branch = "master"
  digest = "1:bc5884d890d71ae56382665a93d792af3602dae40fa98778170e4795598a7264"
  name = "github.com/rcrowley/go-metrics"
  packages = ["."]
  pruneopts = ""
  revision = "3113b8401b8a98917cde58f8bbd42a1b1c03b1fd"

[[projects]]
  digest = "1:35b39d4d0c9a68f2b4aabbdc8af8e5e7f7c43a088103d1aa304b2e3b4ea9a63e"
  name = "github.com/riemann/riemann-go-client"
  packages = [
    ".",
    "proto",
  ]
  pruneopts = ""
  revision = "1eba277eecf63f0fc5836747ebb3f7cf4fc50f98"
  version = "v0.4.0"

[[projects]]
  digest = "1:cbaf13cdbfef0e4734ed8a7504f57fe893d471d62a35b982bf6fb3f036449a66"
  name = "github.com/spf13/pflag"
  packages = ["."]
  pruneopts = ""
  revision = "298182f68c66c05229eb03ac171abe6e309ee79a"
  version = "v1.0.3"

[[projects]]
  digest = "1:381bcbeb112a51493d9d998bbba207a529c73dbb49b3fd789e48c63fac1f192c"
  name = "github.com/stretchr/testify"
  packages = [
    "assert",
    "require",
  ]
  pruneopts = ""
  revision = "ffdc059bfe9ce6a4e144ba849dbedead332c6053"
  version = "v1.3.0"

[[projects]]
  digest = "1:0eff358cc3a77a6ab721689fa717dc051bffc637346d17330341336f5b61b1e2"
  name = "go.opencensus.io"
  packages = [
    ".",
    "internal",
    "internal/tagencoding",
    "metric/metricdata",
    "metric/metricproducer",
    "plugin/ocgrpc",
    "plugin/ochttp",
    "plugin/ochttp/propagation/b3",
    "resource",
    "stats",
    "stats/internal",
    "stats/view",
    "tag",
    "trace",
    "trace/internal",
    "trace/propagation",
    "trace/tracestate",
  ]
  pruneopts = ""
  revision = "75c0cca22312e51bfd4fafdbe9197ae399e18b38"
  version = "v0.20.2"

[[projects]]
  branch = "master"
  digest = "1:cebc91a148c3d35354b53496d684130b149b607a4ba4feb035a0eb591284a96a"
  name = "golang.org/x/crypto"
  packages = ["ssh/terminal"]
  pruneopts = ""
  revision = "df01cb2cc480549d72034218dd98bf97671450ac"

[[projects]]
  branch = "master"
  digest = "1:d3f85f6aabd2d40191238b8ecfcc0ca2611ed769aefe1dfe2ac9d9b8347973d6"
  name = "golang.org/x/net"
  packages = [
    "context",
    "context/ctxhttp",
    "http/httpguts",
    "http2",
    "http2/hpack",
    "idna",
    "internal/socks",
    "internal/timeseries",
    "proxy",
    "trace",
    "websocket",
  ]
  pruneopts = ""
  revision = "1f3472d942ba824034fb77cab6a6cfc1bc8a2c3c"

[[projects]]
  branch = "master"
  digest = "1:348696484a568aa816b0aa29d4924afa1a4e5492e29a003eaf365f650a53c7b4"
  name = "golang.org/x/oauth2"
  packages = [
    ".",
    "google",
    "internal",
    "jws",
    "jwt",
  ]
  pruneopts = ""
  revision = "9f3314589c9a9136388751d9adae6b0ed400978a"

[[projects]]
  branch = "master"
  digest = "1:e5deb36d91fdc8b243910f392a302fc6e0222de4442471891c32c852b8c31547"
  name = "golang.org/x/sys"
  packages = [
    "unix",
    "windows",
  ]
  pruneopts = ""
  revision = "f0ce4c0180bef7e9c51babed693a6e47fdd8962f"

[[projects]]
  digest = "1:5acd3512b047305d49e8763eef7ba423901e85d5dd2fd1e71778a0ea8de10bd4"
  name = "golang.org/x/text"
  packages = [
    "collate",
    "collate/build",
    "internal/colltab",
    "internal/gen",
    "internal/tag",
    "internal/triegen",
    "internal/ucd",
    "language",
    "secure/bidirule",
    "transform",
    "unicode/bidi",
    "unicode/cldr",
    "unicode/norm",
    "unicode/rangetable",
    "width",
  ]
  pruneopts = ""
  revision = "f21a4dfb5e38f5895301dc265a8def02365cc3d0"
  version = "v0.3.0"

[[projects]]
  branch = "master"
  digest = "1:9522af4be529c108010f95b05f1022cb872f2b9ff8b101080f554245673466e1"
  name = "golang.org/x/time"
  packages = ["rate"]
  pruneopts = ""
  revision = "9d24e82272b4f38b78bc8cff74fa936d31ccd8ef"

[[projects]]
  digest = "1:5da26cd5580705cdb4082571febd49693717070d6d3543926bd20b8093482b1c"
  name = "google.golang.org/api"
  packages = [
    "gensupport",
    "googleapi",
    "googleapi/internal/uritemplates",
    "googleapi/transport",
    "internal",
    "iterator",
    "logging/v2",
    "monitoring/v3",
    "option",
    "transport",
    "transport/grpc",
    "transport/http",
    "transport/http/internal/propagation",
  ]
  pruneopts = ""
  revision = "0cbcb99a9ea0c8023c794b2693cbe1def82ed4d7"
  version = "v0.3.2"

[[projects]]
  digest = "1:0a6cbf5be24f00105d33c9f6d2f40b8149e0316537a92be1b0d4c761b7ae39fb"
  name = "google.golang.org/appengine"
  packages = [
    ".",
    "internal",
    "internal/app_identity",
    "internal/base",
    "internal/datastore",
    "internal/log",
    "internal/modules",
    "internal/remote_api",
    "internal/socket",
    "internal/urlfetch",
    "socket",
    "urlfetch",
  ]
  pruneopts = ""
  revision = "54a98f90d1c46b7731eb8fb305d2a321c30ef610"
  version = "v1.5.0"

[[projects]]
  branch = "master"
  digest = "1:e2b33f74fe0b06fd0d0b41562eeb4b7142ca2a8ff10d7b8cb3eb3ade1ed23ac0"
  name = "google.golang.org/genproto"
  packages = [
    "googleapis/api",
    "googleapis/api/annotations",
    "googleapis/api/distribution",
    "googleapis/api/label",
    "googleapis/api/metric",
    "googleapis/api/monitoredres",
    "googleapis/monitoring/v3",
    "googleapis/rpc/status",
    "protobuf/field_mask",
  ]
  pruneopts = ""
  revision = "e7d98fc518a78c9f8b5ee77be7b0b317475d89e1"

[[projects]]
  digest = "1:afc1b03a6d5ba3cbb2e0a12133e734d472e4df3b65f06e600a3d57a4b82f26cc"
  name = "google.golang.org/grpc"
  packages = [
    ".",
    "balancer",
    "balancer/base",
    "balancer/roundrobin",
    "binarylog/grpc_binarylog_v1",
    "codes",
    "connectivity",
    "credentials",
    "credentials/internal",
    "credentials/oauth",
    "encoding",
    "encoding/proto",
    "grpclog",
    "health/grpc_health_v1",
    "internal",
    "internal/backoff",
    "internal/balancerload",
    "internal/binarylog",
    "internal/channelz",
    "internal/envconfig",
    "internal/grpcrand",
    "internal/grpcsync",
    "internal/syscall",
    "internal/transport",
    "keepalive",
    "metadata",
    "naming",
    "peer",
    "resolver",
    "resolver/dns",
    "resolver/passthrough",
    "stats",
    "status",
    "tap",
  ]
  pruneopts = ""
  revision = "25c4f928eaa6d96443009bd842389fb4fa48664e"
  version = "v1.20.1"

[[projects]]
  digest = "1:75fb3fcfc73a8c723efde7777b40e8e8ff9babf30d8c56160d01beffea8a95a6"
  name = "gopkg.in/inf.v0"
  packages = ["."]
  pruneopts = ""
  revision = "d2d2541c53f18d2a059457998ce2876cc8e67cbf"
  version = "v0.9.1"

[[projects]]
  digest = "1:11c58e19ff7ce22740423bb933f1ddca3bf575def40d5ac3437ec12871b1648b"
  name = "gopkg.in/natefinch/lumberjack.v2"
  packages = ["."]
  pruneopts = ""
  revision = "a96e63847dc3c67d17befa69c303767e2f84e54f"
  version = "v2.1"

[[projects]]
  digest = "1:cedccf16b71e86db87a24f8d4c70b0a855872eb967cb906a66b95de56aefbd0d"
  name = "gopkg.in/yaml.v2"
  packages = ["."]
  pruneopts = ""
  revision = "51d6538a90f86fe93ac480b35f37b2be17fef232"
  version = "v2.2.2"

[[projects]]
  digest = "1:f123907ebd19568a24bc7d1db2dd9129d2fb5daed201c313e896882296ad05ec"
  name = "k8s.io/api"
  packages = [
    "admission/v1beta1",
    "admissionregistration/v1beta1",
    "apps/v1",
    "apps/v1beta1",
    "apps/v1beta2",
    "auditregistration/v1alpha1",
    "authentication/v1",
    "authentication/v1beta1",
    "authorization/v1",
    "authorization/v1beta1",
    "autoscaling/v1",
    "autoscaling/v2beta1",
    "autoscaling/v2beta2",
    "batch/v1",
    "batch/v1beta1",
    "batch/v2alpha1",
    "certificates/v1beta1",
    "coordination/v1",
    "coordination/v1beta1",
    "core/v1",
    "events/v1beta1",
    "extensions/v1beta1",
    "networking/v1",
    "networking/v1beta1",
    "node/v1alpha1",
    "node/v1beta1",
    "policy/v1beta1",
    "rbac/v1",
    "rbac/v1alpha1",
    "rbac/v1beta1",
    "scheduling/v1",
    "scheduling/v1alpha1",
    "scheduling/v1beta1",
    "settings/v1alpha1",
    "storage/v1",
    "storage/v1alpha1",
    "storage/v1beta1",
  ]
  pruneopts = ""
  revision = "6e4e0e4f393bf5e8bbff570acd13217aa5a770cd"
  version = "kubernetes-1.14.1"

[[projects]]
  digest = "1:a802c91b189a31200cfb66744441fe62dac961ec7c5c58c47716570de7da195c"
  name = "k8s.io/apimachinery"
  packages = [
    "pkg/api/equality",
    "pkg/api/errors",
    "pkg/api/meta",
    "pkg/api/resource",
    "pkg/api/validation",
    "pkg/api/validation/path",
    "pkg/apis/meta/internalversion",
    "pkg/apis/meta/v1",
    "pkg/apis/meta/v1/unstructured",
    "pkg/apis/meta/v1/validation",
    "pkg/apis/meta/v1beta1",
    "pkg/conversion",
    "pkg/conversion/queryparams",
    "pkg/fields",
    "pkg/labels",
    "pkg/runtime",
    "pkg/runtime/schema",
    "pkg/runtime/serializer",
    "pkg/runtime/serializer/json",
    "pkg/runtime/serializer/protobuf",
    "pkg/runtime/serializer/recognizer",
    "pkg/runtime/serializer/streaming",
    "pkg/runtime/serializer/versioning",
    "pkg/selection",
    "pkg/types",
    "pkg/util/cache",
    "pkg/util/clock",
    "pkg/util/diff",
    "pkg/util/errors",
    "pkg/util/framer",
    "pkg/util/intstr",
    "pkg/util/json",
    "pkg/util/mergepatch",
    "pkg/util/naming",
    "pkg/util/net",
    "pkg/util/rand",
    "pkg/util/runtime",
    "pkg/util/sets",
    "pkg/util/strategicpatch",
    "pkg/util/uuid",
    "pkg/util/validation",
    "pkg/util/validation/field",
    "pkg/util/wait",
    "pkg/util/waitgroup",
    "pkg/util/yaml",
    "pkg/version",
    "pkg/watch",
    "third_party/forked/golang/json",
    "third_party/forked/golang/reflect",
  ]
  pruneopts = ""
  revision = "6a84e37a896db9780c75367af8d2ed2bb944022e"
  version = "kubernetes-1.14.1"

[[projects]]
  digest = "1:b83732f5247630baf8dfb7b7c70cedaf87b2dc9b3d429dd0a0964f5b4de639bf"
  name = "k8s.io/apiserver"
  packages = [
    "pkg/admission",
    "pkg/admission/configuration",
    "pkg/admission/initializer",
    "pkg/admission/metrics",
    "pkg/admission/plugin/namespace/lifecycle",
    "pkg/admission/plugin/webhook/config",
    "pkg/admission/plugin/webhook/config/apis/webhookadmission",
    "pkg/admission/plugin/webhook/config/apis/webhookadmission/v1alpha1",
    "pkg/admission/plugin/webhook/errors",
    "pkg/admission/plugin/webhook/generic",
    "pkg/admission/plugin/webhook/mutating",
    "pkg/admission/plugin/webhook/namespace",
    "pkg/admission/plugin/webhook/request",
    "pkg/admission/plugin/webhook/rules",
    "pkg/admission/plugin/webhook/util",
    "pkg/admission/plugin/webhook/validating",
    "pkg/apis/apiserver",
    "pkg/apis/apiserver/install",
    "pkg/apis/apiserver/v1alpha1",
    "pkg/apis/audit",
    "pkg/apis/audit/install",
    "pkg/apis/audit/v1",
    "pkg/apis/audit/v1alpha1",
    "pkg/apis/audit/v1beta1",
    "pkg/apis/audit/validation",
    "pkg/audit",
    "pkg/audit/event",
    "pkg/audit/policy",
    "pkg/audit/util",
    "pkg/authentication/authenticator",
    "pkg/authentication/authenticatorfactory",
    "pkg/authentication/group",
    "pkg/authentication/request/anonymous",
    "pkg/authentication/request/bearertoken",
    "pkg/authentication/request/headerrequest",
    "pkg/authentication/request/union",
    "pkg/authentication/request/websocket",
    "pkg/authentication/request/x509",
    "pkg/authentication/serviceaccount",
    "pkg/authentication/token/cache",
    "pkg/authentication/token/tokenfile",
    "pkg/authentication/user",
    "pkg/authorization/authorizer",
    "pkg/authorization/authorizerfactory",
    "pkg/authorization/path",
    "pkg/authorization/union",
    "pkg/endpoints",
    "pkg/endpoints/discovery",
    "pkg/endpoints/filters",
    "pkg/endpoints/handlers",
    "pkg/endpoints/handlers/fieldmanager",
    "pkg/endpoints/handlers/fieldmanager/internal",
    "pkg/endpoints/handlers/negotiation",
    "pkg/endpoints/handlers/responsewriters",
    "pkg/endpoints/metrics",
    "pkg/endpoints/openapi",
    "pkg/endpoints/request",
    "pkg/features",
    "pkg/registry/generic",
    "pkg/registry/generic/registry",
    "pkg/registry/rest",
    "pkg/server",
    "pkg/server/filters",
    "pkg/server/healthz",
    "pkg/server/httplog",
    "pkg/server/mux",
    "pkg/server/options",
    "pkg/server/resourceconfig",
    "pkg/server/routes",
    "pkg/server/storage",
    "pkg/storage",
    "pkg/storage/cacher",
    "pkg/storage/errors",
    "pkg/storage/etcd",
    "pkg/storage/etcd/metrics",
    "pkg/storage/etcd3",
    "pkg/storage/names",
    "pkg/storage/storagebackend",
    "pkg/storage/storagebackend/factory",
    "pkg/storage/value",
    "pkg/util/dryrun",
    "pkg/util/feature",
    "pkg/util/flushwriter",
    "pkg/util/openapi",
    "pkg/util/webhook",
    "pkg/util/wsstream",
    "plugin/pkg/audit/buffered",
    "plugin/pkg/audit/dynamic",
    "plugin/pkg/audit/dynamic/enforced",
    "plugin/pkg/audit/log",
    "plugin/pkg/audit/truncate",
    "plugin/pkg/audit/webhook",
    "plugin/pkg/authenticator/token/webhook",
    "plugin/pkg/authorizer/webhook",
  ]
  pruneopts = ""
  revision = "1ec86e4da56ce0573788fc12bb3a5530600c0e5d"
  version = "kubernetes-1.14.1"

[[projects]]
  digest = "1:c2944ab044242534ad7c4b20de548b1df8a6e06ad739ab53b01042a59c4b6991"
  name = "k8s.io/client-go"
  packages = [
    "discovery",
    "informers",
    "informers/admissionregistration",
    "informers/admissionregistration/v1beta1",
    "informers/apps",
    "informers/apps/v1",
    "informers/apps/v1beta1",
    "informers/apps/v1beta2",
    "informers/auditregistration",
    "informers/auditregistration/v1alpha1",
    "informers/autoscaling",
    "informers/autoscaling/v1",
    "informers/autoscaling/v2beta1",
    "informers/autoscaling/v2beta2",
    "informers/batch",
    "informers/batch/v1",
    "informers/batch/v1beta1",
    "informers/batch/v2alpha1",
    "informers/certificates",
    "informers/certificates/v1beta1",
    "informers/coordination",
    "informers/coordination/v1",
    "informers/coordination/v1beta1",
    "informers/core",
    "informers/core/v1",
    "informers/events",
    "informers/events/v1beta1",
    "informers/extensions",
    "informers/extensions/v1beta1",
    "informers/internalinterfaces",
    "informers/networking",
    "informers/networking/v1",
    "informers/networking/v1beta1",
    "informers/node",
    "informers/node/v1alpha1",
    "informers/node/v1beta1",
    "informers/policy",
    "informers/policy/v1beta1",
    "informers/rbac",
    "informers/rbac/v1",
    "informers/rbac/v1alpha1",
    "informers/rbac/v1beta1",
    "informers/scheduling",
    "informers/scheduling/v1",
    "informers/scheduling/v1alpha1",
    "informers/scheduling/v1beta1",
    "informers/settings",
    "informers/settings/v1alpha1",
    "informers/storage",
    "informers/storage/v1",
    "informers/storage/v1alpha1",
    "informers/storage/v1beta1",
    "kubernetes",
    "kubernetes/scheme",
    "kubernetes/typed/admissionregistration/v1beta1",
    "kubernetes/typed/apps/v1",
    "kubernetes/typed/apps/v1beta1",
    "kubernetes/typed/apps/v1beta2",
    "kubernetes/typed/auditregistration/v1alpha1",
    "kubernetes/typed/authentication/v1",
    "kubernetes/typed/authentication/v1beta1",
    "kubernetes/typed/authorization/v1",
    "kubernetes/typed/authorization/v1beta1",
    "kubernetes/typed/autoscaling/v1",
    "kubernetes/typed/autoscaling/v2beta1",
    "kubernetes/typed/autoscaling/v2beta2",
    "kubernetes/typed/batch/v1",
    "kubernetes/typed/batch/v1beta1",
    "kubernetes/typed/batch/v2alpha1",
    "kubernetes/typed/certificates/v1beta1",
    "kubernetes/typed/coordination/v1",
    "kubernetes/typed/coordination/v1beta1",
    "kubernetes/typed/core/v1",
    "kubernetes/typed/events/v1beta1",
    "kubernetes/typed/extensions/v1beta1",
    "kubernetes/typed/networking/v1",
    "kubernetes/typed/networking/v1beta1",
    "kubernetes/typed/node/v1alpha1",
    "kubernetes/typed/node/v1beta1",
    "kubernetes/typed/policy/v1beta1",
    "kubernetes/typed/rbac/v1",
    "kubernetes/typed/rbac/v1alpha1",
    "kubernetes/typed/rbac/v1beta1",
    "kubernetes/typed/scheduling/v1",
    "kubernetes/typed/scheduling/v1alpha1",
    "kubernetes/typed/scheduling/v1beta1",
    "kubernetes/typed/settings/v1alpha1",
    "kubernetes/typed/storage/v1",
    "kubernetes/typed/storage/v1alpha1",
    "kubernetes/typed/storage/v1beta1",
    "listers/admissionregistration/v1beta1",
    "listers/apps/v1",
    "listers/apps/v1beta1",
    "listers/apps/v1beta2",
    "listers/auditregistration/v1alpha1",
    "listers/autoscaling/v1",
    "listers/autoscaling/v2beta1",
    "listers/autoscaling/v2beta2",
    "listers/batch/v1",
    "listers/batch/v1beta1",
    "listers/batch/v2alpha1",
    "listers/certificates/v1beta1",
    "listers/coordination/v1",
    "listers/coordination/v1beta1",
    "listers/core/v1",
    "listers/events/v1beta1",
    "listers/extensions/v1beta1",
    "listers/networking/v1",
    "listers/networking/v1beta1",
    "listers/node/v1alpha1",
    "listers/node/v1beta1",
    "listers/policy/v1beta1",
    "listers/rbac/v1",
    "listers/rbac/v1alpha1",
    "listers/rbac/v1beta1",
    "listers/scheduling/v1",
    "listers/scheduling/v1alpha1",
    "listers/scheduling/v1beta1",
    "listers/settings/v1alpha1",
    "listers/storage/v1",
    "listers/storage/v1alpha1",
    "listers/storage/v1beta1",
    "pkg/apis/clientauthentication",
    "pkg/apis/clientauthentication/v1alpha1",
    "pkg/apis/clientauthentication/v1beta1",
    "pkg/version",
    "plugin/pkg/client/auth/exec",
    "rest",
    "rest/watch",
    "tools/auth",
    "tools/cache",
    "tools/clientcmd",
    "tools/clientcmd/api",
    "tools/clientcmd/api/latest",
    "tools/clientcmd/api/v1",
    "tools/metrics",
    "tools/pager",
    "tools/record",
    "tools/record/util",
    "tools/reference",
    "transport",
    "util/cert",
    "util/connrotation",
    "util/flowcontrol",
    "util/homedir",
    "util/keyutil",
    "util/retry",
    "util/testing",
  ]
  pruneopts = ""
  revision = "6ee68ca5fd8355d024d02f9db0b3b667e8357a0f"
  version = "v11.0.0"

[[projects]]
  digest = "1:2f4d3d52faaa6e4fbd307015d8edc5c7f5fcc9d2300243daf2f701b602e253cf"
  name = "k8s.io/component-base"
  packages = [
    "cli/flag",
    "logs",
  ]
  pruneopts = ""
  revision = "bd2732e5c3f7234ddbc412b170f56efab7f18611"
  version = "kubernetes-1.14.1"

[[projects]]
  digest = "1:4b78eccecdf36f29cacc19ca79411f2235e0387af52b11f1d77328d7ad5d84a2"
  name = "k8s.io/klog"
  packages = ["."]
  pruneopts = ""
  revision = "e531227889390a39d9533dde61f590fe9f4b0035"
  version = "v0.3.0"

[[projects]]
  digest = "1:59cce16b16002977ebfa3cbc6a72922d04704d3d4b9ee85ec916057d6b52762e"
  name = "k8s.io/kube-openapi"
  packages = [
    "pkg/builder",
    "pkg/common",
    "pkg/handler",
    "pkg/schemaconv",
    "pkg/util",
    "pkg/util/proto",
  ]
  pruneopts = ""
  revision = "b3a7cee44a305be0a69e1b9ac03018307287e1b0"
  version = "kubernetes-1.14.1"

[[projects]]
  digest = "1:8c244615bb96a1875f2ac63d6151beb17461a79dedcb59f8129c9ef39d3fb373"
  name = "k8s.io/kubernetes"
  packages = [
    "pkg/api/legacyscheme",
    "pkg/apis/apps",
    "pkg/apis/autoscaling",
    "pkg/apis/core",
    "pkg/apis/core/install",
    "pkg/apis/core/v1",
    "pkg/kubelet/apis/stats/v1alpha1",
    "pkg/util/parsers",
  ]
  pruneopts = ""
  revision = "b7394102d6ef778017f2ca4046abbaa23b88c290"
  version = "v1.14.1"

[[projects]]
  digest = "1:2d72196ec4a51d243b854b835858c20af2893ff2185ef8f4eb2fd13820428b71"
  name = "k8s.io/metrics"
  packages = [
    "pkg/apis/metrics",
    "pkg/apis/metrics/install",
    "pkg/apis/metrics/v1alpha1",
    "pkg/apis/metrics/v1beta1",
  ]
  pruneopts = ""
  revision = "850dadb8b49c4997bd04176f60a0ea371504345a"
  version = "kubernetes-1.14.1"

[[projects]]
  branch = "master"
  digest = "1:f6c19347011ba9a072aa55f5c7fa630c0b88303ac4ca83008454aef95b0c2078"
  name = "k8s.io/utils"
  packages = [
    "buffer",
    "integer",
    "pointer",
    "trace",
  ]
  pruneopts = ""
  revision = "21c4ce38f2a793ec01e925ddc31216500183b773"

[[projects]]
  branch = "master"
  digest = "1:c793bc832c443801b0a209a5a8190447047c03f8b70d99b21e03835ca466324b"
  name = "sigs.k8s.io/structured-merge-diff"
  packages = [
    "fieldpath",
    "merge",
    "schema",
    "typed",
    "value",
  ]
  pruneopts = ""
  revision = "e85c7b244fd2cc57bb829d73a061f93a441e63ce"

[[projects]]
  digest = "1:321081b4a44256715f2b68411d8eda9a17f17ebfe6f0cc61d2cc52d11c08acfa"
  name = "sigs.k8s.io/yaml"
  packages = ["."]
  pruneopts = ""
  revision = "fd68e9863619f6ec2fdd8625fe1f02e7c877e480"
  version = "v1.1.0"

[solve-meta]
  analyzer-name = "dep"
  analyzer-version = 1
  input-imports = [
    "cloud.google.com/go/compute/metadata",
    "cloud.google.com/go/monitoring/apiv3",
    "github.com/Shopify/sarama",
    "github.com/bluebreezecf/opentsdb-goclient/client",
    "github.com/bluebreezecf/opentsdb-goclient/config",
    "github.com/emicklei/go-restful",
    "github.com/golang/protobuf/ptypes/timestamp",
    "github.com/google/cadvisor/info/v1",
    "github.com/google/gofuzz",
    "github.com/hawkular/hawkular-client-go/metrics",
    "github.com/influxdata/influxdb/client",
    "github.com/influxdata/influxdb/models",
    "github.com/json-iterator/go",
    "github.com/marpaia/graphite-golang",
    "github.com/prometheus/client_golang/prometheus",
    "github.com/riemann/riemann-go-client",
    "github.com/spf13/pflag",
    "github.com/stretchr/testify/assert",
    "github.com/stretchr/testify/require",
    "golang.org/x/oauth2",
    "golang.org/x/oauth2/google",
    "google.golang.org/api/logging/v2",
    "google.golang.org/api/monitoring/v3",
    "google.golang.org/genproto/googleapis/api/metric",
    "google.golang.org/genproto/googleapis/api/monitoredres",
    "google.golang.org/genproto/googleapis/monitoring/v3",
    "google.golang.org/grpc/codes",
    "google.golang.org/grpc/status",
    "k8s.io/api/core/v1",
    "k8s.io/apimachinery/pkg/api/errors",
    "k8s.io/apimachinery/pkg/api/resource",
    "k8s.io/apimachinery/pkg/apis/meta/internalversion",
    "k8s.io/apimachinery/pkg/apis/meta/v1",
    "k8s.io/apimachinery/pkg/fields",
    "k8s.io/apimachinery/pkg/labels",
    "k8s.io/apimachinery/pkg/runtime",
    "k8s.io/apimachinery/pkg/runtime/schema",
    "k8s.io/apimachinery/pkg/util/net",
    "k8s.io/apimachinery/pkg/util/runtime",
    "k8s.io/apimachinery/pkg/util/wait",
    "k8s.io/apimachinery/pkg/watch",
    "k8s.io/apiserver/pkg/authentication/authenticator",
    "k8s.io/apiserver/pkg/authentication/request/x509",
    "k8s.io/apiserver/pkg/authentication/user",
    "k8s.io/apiserver/pkg/endpoints/request",
    "k8s.io/apiserver/pkg/registry/rest",
    "k8s.io/apiserver/pkg/server",
    "k8s.io/apiserver/pkg/server/healthz",
    "k8s.io/apiserver/pkg/server/options",
    "k8s.io/client-go/kubernetes",
    "k8s.io/client-go/kubernetes/typed/core/v1",
    "k8s.io/client-go/listers/core/v1",
    "k8s.io/client-go/rest",
    "k8s.io/client-go/tools/cache",
    "k8s.io/client-go/tools/clientcmd",
    "k8s.io/client-go/tools/clientcmd/api",
    "k8s.io/client-go/transport",
    "k8s.io/client-go/util/testing",
    "k8s.io/component-base/logs",
    "k8s.io/klog",
    "k8s.io/kubernetes/pkg/api/legacyscheme",
    "k8s.io/kubernetes/pkg/apis/core/install",
    "k8s.io/kubernetes/pkg/kubelet/apis/stats/v1alpha1",
    "k8s.io/metrics/pkg/apis/metrics",
    "k8s.io/metrics/pkg/apis/metrics/install",
    "k8s.io/metrics/pkg/apis/metrics/v1alpha1",
  ]
  solver-name = "gps-cdcl"
  solver-version = 1
